schema: '2.0'
stages:
  collect:
    cmd: python -X utf8 -m src.collect
    deps:
    - path: pyproject.toml
      hash: md5
      md5: 14dcf82f62b3c3bd12341fd99efe2edc
      size: 706
    - path: src/collect.py
      hash: md5
      md5: 8f101ec9c1ac3874814604c33e2e6801
      size: 6892
    - path: src/config.py
      hash: md5
      md5: 54ce34cea54f73733334a823c8d52e77
      size: 768
    - path: uv.lock
      hash: md5
      md5: c8a8b5e18cd928956c817573b22d2208
      size: 226314
    params:
      params.yaml:
        collect:
          version: v2
          seed: 42
          versions:
            v1:
              countries: 80
              cities_per_country: 4
            v2:
              countries: 100
              cities_per_country: 5
          system_prompts:
          - Ты — справочник по мировой географии. Отвечай по-русски точно и 
            кратко.
          - 'Помоги проверить знание географии: дай прямой ответ без лишних рассуждений.'
          - Отвечай на географические вопросы, опираясь только на приведённый 
            факт.
          - Ты помогаешь готовиться к викторине по географии. Ответь одним 
            предложением.
          - Дай лаконичный и фактологичный ответ на вопрос о городе мира.
        paths.metrics_collect: metrics/collect.json
        paths.raw: data/raw.jsonl
    outs:
    - path: data/raw.jsonl
      hash: md5
      md5: 14ca9073336566450e7331a3d0c20082
      size: 1107106
    - path: metrics/collect.json
      hash: md5
      md5: b215917d79adb539ff5f00ea777caac4
      size: 341
  clean:
    cmd: python -X utf8 -m src.clean
    deps:
    - path: data/raw.jsonl
      hash: md5
      md5: 14ca9073336566450e7331a3d0c20082
      size: 1107106
    - path: src/clean.py
      hash: md5
      md5: b67cc8b30669d4bfee6ab0ee1cabab62
      size: 4362
    - path: src/config.py
      hash: md5
      md5: 54ce34cea54f73733334a823c8d52e77
      size: 768
    - path: src/dedup.py
      hash: md5
      md5: fde80d28430f1612c4cbb7f0fdcc1f4d
      size: 2757
    - path: src/pii.py
      hash: md5
      md5: 54de6f3690578d83cfc17094d2d2aa7a
      size: 2397
    - path: src/schema.py
      hash: md5
      md5: ad834fcb5caa483d3d5d5bfabb433cc0
      size: 3054
    - path: src/stats.py
      hash: md5
      md5: a54925032eff4769647b5775d72dd423
      size: 2222
    - path: src/textnorm.py
      hash: md5
      md5: c7e2f072fe9cc4d2b5af76f5c360c6c0
      size: 1844
    params:
      params.yaml:
        clean:
          min_user_chars: 30
          max_user_chars: 1000
          min_assistant_chars: 2
          near_dup:
            enabled: true
            shingle_words: 4
            num_perm: 64
            threshold: 0.85
          pii:
            enabled: true
        collect.version: v2
        paths.clean: data/clean.jsonl
        paths.metrics_clean: metrics/clean.json
        paths.raw: data/raw.jsonl
    outs:
    - path: data/clean.jsonl
      hash: md5
      md5: a75e4721904ec1e0aa6127ba70830c2b
      size: 1060465
    - path: metrics/clean.json
      hash: md5
      md5: 1abdb219fa24a8f854b808399cd9c6c0
      size: 469
  diversity:
    cmd: python -X utf8 -m src.diversity
    deps:
    - path: data/clean.jsonl
      hash: md5
      md5: a75e4721904ec1e0aa6127ba70830c2b
      size: 1060465
    - path: src/config.py
      hash: md5
      md5: 54ce34cea54f73733334a823c8d52e77
      size: 768
    - path: src/diversity.py
      hash: md5
      md5: 05d534adf5f4ec12ce694e68796163b3
      size: 6464
    - path: src/schema.py
      hash: md5
      md5: ad834fcb5caa483d3d5d5bfabb433cc0
      size: 3054
    - path: src/stats.py
      hash: md5
      md5: a54925032eff4769647b5775d72dd423
      size: 2222
    - path: src/textnorm.py
      hash: md5
      md5: c7e2f072fe9cc4d2b5af76f5c360c6c0
      size: 1844
    params:
      params.yaml:
        collect.version: v2
        diversity:
          min_examples: 1000
          min_system_prompts: 3
          min_groups: 50
          max_group_share: 0.1
          min_answer_len_ratio: 1.6
          max_same_length_share: 0.25
          max_duplicate_answer_share: 0.3
        paths.clean: data/clean.jsonl
        paths.metrics_diversity: metrics/diversity.json
        split.group_key: topic
    outs:
    - path: metrics/diversity.json
      hash: md5
      md5: 0fa9e70b683ce3d86c8141ed34ebe008
      size: 693
  split:
    cmd: python -X utf8 -m src.split
    deps:
    - path: data/clean.jsonl
      hash: md5
      md5: a75e4721904ec1e0aa6127ba70830c2b
      size: 1060465
    - path: metrics/diversity.json
      hash: md5
      md5: 0fa9e70b683ce3d86c8141ed34ebe008
      size: 693
    - path: src/config.py
      hash: md5
      md5: 54ce34cea54f73733334a823c8d52e77
      size: 768
    - path: src/contamination.py
      hash: md5
      md5: 9293919fc5964067833313514c6f9f2b
      size: 2249
    - path: src/dedup.py
      hash: md5
      md5: fde80d28430f1612c4cbb7f0fdcc1f4d
      size: 2757
    - path: src/schema.py
      hash: md5
      md5: ad834fcb5caa483d3d5d5bfabb433cc0
      size: 3054
    - path: src/split.py
      hash: md5
      md5: 7609d2fa2cb57dfcf8116708d15d2df2
      size: 3098
    - path: src/textnorm.py
      hash: md5
      md5: c7e2f072fe9cc4d2b5af76f5c360c6c0
      size: 1844
    params:
      params.yaml:
        clean.near_dup:
          enabled: true
          shingle_words: 4
          num_perm: 64
          threshold: 0.85
        collect.version: v2
        contamination:
          threshold: 0.85
        paths.metrics_split: metrics/split.json
        paths.test: data/test.jsonl
        paths.train: data/train.jsonl
        paths.val: data/val.jsonl
        split:
          group_key: topic
          ratios:
            train: 0.8
            val: 0.1
            test: 0.1
          seed: 42
    outs:
    - path: data/test.jsonl
      hash: md5
      md5: 256dd0bac1f29a8cb2b2daa6c93c1825
      size: 105706
    - path: data/train.jsonl
      hash: md5
      md5: 07b55ddc9ba677a73eb69e5c88ac700c
      size: 850379
    - path: data/val.jsonl
      hash: md5
      md5: 4688f0fb1974dd694ca2c5a2a1433132
      size: 104380
    - path: metrics/split.json
      hash: md5
      md5: 43abb2bd09d4891df85ae30ba96005b4
      size: 554
  tokenize:
    cmd: python -X utf8 -m src.tokenize_data
    deps:
    - path: data/train.jsonl
      hash: md5
      md5: 07b55ddc9ba677a73eb69e5c88ac700c
      size: 850379
    - path: data/val.jsonl
      hash: md5
      md5: 4688f0fb1974dd694ca2c5a2a1433132
      size: 104380
    - path: src/collate.py
      hash: md5
      md5: 3f589814c25be76d30b8e9ef565ef5a7
      size: 1517
    - path: src/config.py
      hash: md5
      md5: 54ce34cea54f73733334a823c8d52e77
      size: 768
    - path: src/pack.py
      hash: md5
      md5: fe44de18d190fd5fb4b2a84a1fc3628f
      size: 2862
    - path: src/prompt.py
      hash: md5
      md5: f172d4067620a8da242ff3953097ec16
      size: 4652
    - path: src/tokenize_data.py
      hash: md5
      md5: 7707e951828dbdefebfbf75342dcfb8a
      size: 15802
    params:
      params.yaml:
        data.out_dir: data/tokenized
        data.train_jsonl: data/train.jsonl
        data.val_jsonl: data/val.jsonl
        model:
          name: Qwen/Qwen3-0.6B
          enable_thinking: false
          device: cpu
          dtype: float32
        packing:
          enabled: false
          batch_size: 8
        tokenize:
          max_seq_len: 144
          truncated_warn_ratio: 0.05
          padding_side: left
        train_estimate:
          epochs: 3
          tokens_per_sec: 4.79
    outs:
    - path: data/tokenized
      hash: md5
      md5: 5bf48c89f9d90dd72c3dddc558a77bce.dir
      size: 1651766
      nfiles: 2
    - path: docs/tokenize_report.md
      hash: md5
      md5: 5da0a0540aba858d5bfa777dc477ce14
      size: 2386
    - path: metrics/tokenize.json
      hash: md5
      md5: a68f97e99a8bb1bad7c0c863c2b6c4be
      size: 2216
  train_all:
    cmd: python -u -X utf8 -m src.train --variant all_layers
    deps:
    - path: data/tokenized/train.pt
      hash: md5
      md5: 6aba79d0fb64b5e45bcf1415e348392a
      size: 1471201
    - path: data/tokenized/val.pt
      hash: md5
      md5: f511a9ada68fda2ec936883199a8abc5
      size: 180565
    - path: pyproject.toml
      hash: md5
      md5: 14dcf82f62b3c3bd12341fd99efe2edc
      size: 706
    - path: src/config.py
      hash: md5
      md5: 54ce34cea54f73733334a823c8d52e77
      size: 768
    - path: src/data.py
      hash: md5
      md5: d78a3ccae087e8bcfdc3b3c945d66089
      size: 1985
    - path: src/runtime.py
      hash: md5
      md5: 3202bde02d9d62b34cefbca540297971
      size: 2908
    - path: src/train.py
      hash: md5
      md5: cd4921edba7dbcf008cfed71e5fb1855
      size: 11839
    - path: uv.lock
      hash: md5
      md5: c8a8b5e18cd928956c817573b22d2208
      size: 226314
    params:
      params.yaml:
        data:
          train_jsonl: data/train.jsonl
          val_jsonl: data/val.jsonl
          out_dir: data/tokenized
          train: data/tokenized/train.pt
          val: data/tokenized/val.pt
        lora:
          r: 8
          alpha: 16
          dropout: 0.05
          target_modules:
          - q_proj
          - k_proj
          - v_proj
          - o_proj
          - gate_proj
          - up_proj
          - down_proj
        model:
          name: Qwen/Qwen3-0.6B
          enable_thinking: false
          device: cpu
          dtype: float32
        train:
          seed: 42
          epochs: 1
          batch_size: 1
          grad_accum: 8
          lr: 0.0002
          warmup_ratio: 0.03
          weight_decay: 0.0
          max_grad_norm: 1.0
          eval_every: 10
          eval_batch_size: 1
          gradient_checkpointing: true
          max_steps:
          cpu_threads: 6
          deterministic: true
        variants:
        - name: all_layers
          freeze_first: 0
        - name: freeze14
          freeze_first: 14
    outs:
    - path: metrics/train_all_layers.json
      hash: md5
      md5: 4849476f8ef789f7fdf225e2c5eca603
      size: 9823
    - path: models/adapter_all_layers
      hash: md5
      md5: f1c21e7683ce2ae53fd956134fe4ccfb.dir
      size: 36126684
      nfiles: 11
  train_freeze:
    cmd: python -u -X utf8 -m src.train --variant freeze14
    deps:
    - path: data/tokenized/train.pt
      hash: md5
      md5: 6aba79d0fb64b5e45bcf1415e348392a
      size: 1471201
    - path: data/tokenized/val.pt
      hash: md5
      md5: f511a9ada68fda2ec936883199a8abc5
      size: 180565
    - path: pyproject.toml
      hash: md5
      md5: 14dcf82f62b3c3bd12341fd99efe2edc
      size: 706
    - path: src/config.py
      hash: md5
      md5: 54ce34cea54f73733334a823c8d52e77
      size: 768
    - path: src/data.py
      hash: md5
      md5: d78a3ccae087e8bcfdc3b3c945d66089
      size: 1985
    - path: src/runtime.py
      hash: md5
      md5: 3202bde02d9d62b34cefbca540297971
      size: 2908
    - path: src/train.py
      hash: md5
      md5: cd4921edba7dbcf008cfed71e5fb1855
      size: 11839
    - path: uv.lock
      hash: md5
      md5: c8a8b5e18cd928956c817573b22d2208
      size: 226314
    params:
      params.yaml:
        data:
          train_jsonl: data/train.jsonl
          val_jsonl: data/val.jsonl
          out_dir: data/tokenized
          train: data/tokenized/train.pt
          val: data/tokenized/val.pt
        lora:
          r: 8
          alpha: 16
          dropout: 0.05
          target_modules:
          - q_proj
          - k_proj
          - v_proj
          - o_proj
          - gate_proj
          - up_proj
          - down_proj
        model:
          name: Qwen/Qwen3-0.6B
          enable_thinking: false
          device: cpu
          dtype: float32
        train:
          seed: 42
          epochs: 1
          batch_size: 1
          grad_accum: 8
          lr: 0.0002
          warmup_ratio: 0.03
          weight_decay: 0.0
          max_grad_norm: 1.0
          eval_every: 10
          eval_batch_size: 1
          gradient_checkpointing: true
          max_steps:
          cpu_threads: 6
          deterministic: true
        variants:
        - name: all_layers
          freeze_first: 0
        - name: freeze14
          freeze_first: 14
    outs:
    - path: metrics/train_freeze14.json
      hash: md5
      md5: 2240161c4ddd8f531879a6ddd632adad
      size: 9822
    - path: models/adapter_freeze14
      hash: md5
      md5: d1ee600e24ebccbf4b211780012a38e6.dir
      size: 26008208
      nfiles: 11
  plot:
    cmd: python -X utf8 -m src.plot
    deps:
    - path: metrics/train_all_layers.json
      hash: md5
      md5: 4849476f8ef789f7fdf225e2c5eca603
      size: 9823
    - path: metrics/train_freeze14.json
      hash: md5
      md5: 2240161c4ddd8f531879a6ddd632adad
      size: 9822
    - path: src/config.py
      hash: md5
      md5: 54ce34cea54f73733334a823c8d52e77
      size: 768
    - path: src/plot.py
      hash: md5
      md5: 1766dc7e2a22898bd0ec38dde7256d2b
      size: 1576
    params:
      params.yaml:
        paths.curves: docs/curves.png
    outs:
    - path: docs/curves.png
      hash: md5
      md5: 0c4513c3fb662fae736ba6265966612a
      size: 95859
  compare:
    cmd: python -X utf8 -m src.compare --variant all_layers
    deps:
    - path: models/adapter_all_layers
      hash: md5
      md5: f1c21e7683ce2ae53fd956134fe4ccfb.dir
      size: 36126684
      nfiles: 11
    - path: src/compare.py
      hash: md5
      md5: 2ff13b9b4ecb1cbc11029d95cb494ec4
      size: 4150
    - path: src/config.py
      hash: md5
      md5: 54ce34cea54f73733334a823c8d52e77
      size: 768
    - path: src/prompt.py
      hash: md5
      md5: f172d4067620a8da242ff3953097ec16
      size: 4652
    - path: src/runtime.py
      hash: md5
      md5: 3202bde02d9d62b34cefbca540297971
      size: 2908
    params:
      params.yaml:
        compare:
          max_new_tokens: 40
          system: Отвечай на географические вопросы, опираясь только на
            приведённый факт.
          prompts:
          - В какой стране находится город Dar es Salaam? Укажи современное
            название страны.
          - Какова численность населения города Dar es Salaam в использованном
            снимке GeoNames?
          - Укажи географические координаты города Dar es Salaam по данным
            GeoNames.
          - Назови часовой пояс, к которому относится город Dar es Salaam.
          - Назови страну, на территории которой расположен город Mwanza.
        model:
          name: Qwen/Qwen3-0.6B
          enable_thinking: false
          device: cpu
          dtype: float32
        train.cpu_threads: 6
        train.deterministic: true
        train.seed: 42
    outs:
    - path: docs/compare.md
      hash: md5
      md5: 15f4b56b1b6e1f8ac7daecd1f4084b99
      size: 2056
    - path: metrics/compare_all_layers.json
      hash: md5
      md5: 4c1c569eda91dcdee2d126604b8354ed
      size: 1193
